Microsoft Visual Studio Solution File, Format Version 12.00
# Visual Studio Version 17
VisualStudioVersion = 17.5.2.0
MinimumVisualStudioVersion = 10.0.40219.1
Project("{FAE04EC0-301F-11D3-BF4B-00C04F79EFBC}") = "ApiApp", "src\ApiApp\ApiApp.csproj", "{C467AF3A-09EC-477D-2C17-9633880D7BB8}"
EndProject
Global
	GlobalSection(SolutionConfigurationPlatforms) = preSolution
		Debug|Any CPU = Debug|Any CPU
		Release|Any CPU = Release|Any CPU
	EndGlobalSection
	GlobalSection(ProjectConfigurationPlatforms) = postSolution
		{C467AF3A-09EC-477D-2C17-9633880D7BB8}.Debug|Any CPU.ActiveCfg = Debug|Any CPU
		{C467AF3A-09EC-477D-2C17-9633880D7BB8}.Debug|Any CPU.Build.0 = Debug|Any CPU
		{C467AF3A-09EC-477D-2C17-9633880D7BB8}.Release|Any CPU.ActiveCfg = Release|Any CPU
		{C467AF3A-09EC-477D-2C17-9633880D7BB8}.Release|Any CPU.Build.0 = Release|Any CPU
	EndGlobalSection
	GlobalSection(SolutionProperties) = preSolution
		HideSolutionNode = FALSE
	EndGlobalSection
	GlobalSection(ExtensibilityGlobals) = postSolution
		SolutionGuid = {CCF4162C-4D6E-454D-9DD0-230F0A2FC8D2}
	EndGlobalSection
EndGlobal
