{
  "version": 2,
  "dependencies": {
    ".NETFramework,Version=v4.8": {
      "Sitecore.Assemblies.Platform": {
        "type": "Direct",
        "requested": "[10.4.0, 10.4.0]",
        "resolved": "10.4.0",
        "contentHash": "Cz8qcDGPzGBzXuu3DgqiWRzkASN3eGCpW73W2MAk8b0E1A3zknShArsXHYg0FKiKn1D1Tm/SOA7ldKSgw35HvQ=="
      },
      "Sitecore.Kernel": {
        "type": "Direct",
        "requested": "[10.4.0, 10.4.0]",
        "resolved": "10.4.0",
        "contentHash": "wS5aBvIihVH+5G99qa0cUsnNsA9A1T46sLDhE+pVVECkzmaUZiIyMQJLa4/sCgzt3o9VM9pVGd62Sx1oOIomog==",
        "dependencies": {
          "Sitecore.Data.ResourceItems.ProtobufNet": "10.4.0",
          "Sitecore.Framework.Data.Blobs": "3.0.1",
          "Sitecore.Kernel.Portable": "10.4.0",
          "Sitecore.Logging": "10.4.0",
          "Sitecore.Logging.Client": "10.4.0",
          "Sitecore.Nexus.Consumption": "1.6.0",
          "Sitecore.Screenshots": "10.4.0"
        }
      },
      "System.Security.Cryptography.Xml": {
        "type": "Direct",
        "requested": "[9.0.0, 9.0.0]",
        "resolved": "9.0.0",
        "contentHash": "GQZn5wFd+pyOfwWaCbqxG7trQ5ox01oR8kYgWflgtux4HiUNihGEgG2TktRWyH+9bw7NoEju1D41H/upwQeFQw==",
        "dependencies": {
          "Microsoft.Bcl.Cryptography": "9.0.0"
        }
      },
      "Grpc.Core": {
        "type": "Transitive",
        "resolved": "2.44.0",
        "contentHash": "H2rTNePSYeEqUgBBqiE5KZ/yOX7jEtETjWjv4gGtnYxrlpZ79VAHe+4KtZAnt2KJMiGvqTm7eo1SPk+QpiPfaw==",
        "dependencies": {
          "Grpc.Core.Api": "2.44.0",
          "System.Memory": "4.5.3"
        }
      },
      "Grpc.Core.Api": {
        "type": "Transitive",
        "resolved": "2.44.0",
        "contentHash": "FBfPMvKwT8q98T8lWa5z6nBMLdH/Mmo5g4yyYYMvbXLWDzo4beqa7CUU5QH3PKvo2X6/b+UAZ2IymXlrYG3IXg==",
        "dependencies": {
          "System.Memory": "4.5.3"
        }
      },
      "Microsoft.Bcl.Cryptography": {
        "type": "Transitive",
        "resolved": "9.0.0",
        "contentHash": "tjfuEv+QOznFL1bEPa7svmjpbNvDIrwdinMNy/HhrToQQpONW4hdp0Sans55Rcy9KB3z60duBeey89JY1VQOvg==",
        "dependencies": {
          "System.Formats.Asn1": "9.0.0",
          "System.Memory": "4.5.5",
          "System.Runtime.CompilerServices.Unsafe": "6.0.0"
        }
      },
      "Microsoft.Extensions.Diagnostics.Abstractions": {
        "type": "Transitive",
        "resolved": "9.0.0",
        "contentHash": "1K8P7XzuzX8W8pmXcZjcrqS6x5eSSdvhQohmcpgiQNY/HlDAlnrhR9dvlURfFz428A+RTCJpUyB+aKTA6AgVcQ==",
        "dependencies": {
          "Microsoft.Extensions.DependencyInjection.Abstractions": "9.0.0",
          "Microsoft.Extensions.Options": "9.0.0",
          "System.Buffers": "4.5.1",
          "System.Diagnostics.DiagnosticSource": "9.0.0",
          "System.Memory": "4.5.5"
        }
      },
      "Microsoft.Extensions.Options.ConfigurationExtensions": {
        "type": "Transitive",
        "resolved": "9.0.0",
        "contentHash": "Ob3FXsXkcSMQmGZi7qP07EQ39kZpSBlTcAZLbJLdI4FIf0Jug8biv2HTavWmnTirchctPlq9bl/26CXtQRguzA==",
        "dependencies": {
          "Microsoft.Extensions.Configuration.Abstractions": "9.0.0",
          "Microsoft.Extensions.Configuration.Binder": "9.0.0",
          "Microsoft.Extensions.DependencyInjection.Abstractions": "9.0.0",
          "Microsoft.Extensions.Options": "9.0.0",
          "Microsoft.Extensions.Primitives": "9.0.0"
        }
      },
      "OpenTelemetry": {
        "type": "Transitive",
        "resolved": "1.11.2",
        "contentHash": "FwonkaCVW8M9DLTHmAeJ+znsQCeOVvF4vSBworyq6f55RJB62LFmK7h7SG2aNERTknxP5RoGSwGOBPcVEgC07w==",
        "dependencies": {
          "Microsoft.Extensions.Diagnostics.Abstractions": "9.0.0",
          "Microsoft.Extensions.Logging.Configuration": "9.0.0",
          "OpenTelemetry.Api.ProviderBuilderExtensions": "1.11.2"
        }
      },
      "OpenTelemetry.Api": {
        "type": "Transitive",
        "resolved": "1.11.2",
        "contentHash": "jgSd/FvtxPPc6nLaZnFj+bulHM2iQjy+NBCY5MbQjH6vkW/SfcXD9NMP3pKCmdF+SbZpgL+EoLQc+PmcnYYLlA==",
        "dependencies": {
          "System.Diagnostics.DiagnosticSource": "9.0.0"
        }
      },
      "OpenTelemetry.Api.ProviderBuilderExtensions": {
        "type": "Transitive",
        "resolved": "1.11.2",
        "contentHash": "Y1aag4WT9f3rF8jQWwub5DsFVXpM/5NQsfYg6lmsNQrtJ6TcRqQu2PubcHXeIX2N6TA7XF3ffQAgeJklsSLeoQ==",
        "dependencies": {
          "Microsoft.Extensions.DependencyInjection.Abstractions": "9.0.0",
          "OpenTelemetry.Api": "1.11.2"
        }
      },
      "OpenTelemetry.Instrumentation.AspNet.TelemetryHttpModule": {
        "type": "Transitive",
        "resolved": "1.11.0-beta.2",
        "contentHash": "L9jX+XIVECZCkk8cEqJRT51lYGCf0h2J5C9+qUdvguUg9dxb+wC2Y43nNZp2RkQQFMmMeyrZ0aUXDihF423UiA==",
        "dependencies": {
          "OpenTelemetry.Api": "[1.11.2, 2.0.0)"
        }
      },
      "protobuf-net": {
        "type": "Transitive",
        "resolved": "2.4.6",
        "contentHash": "fDYwwGw9yCERTkIzxhmiGmD3i5nB5Pw4roZ9Pi+MPNbNiNbGAA9mVrSSbTjAMNQEBXtwK/HZ6btrO2YwYsVsMw=="
      },
      "Sitecore.Data.ResourceItems.Abstractions": {
        "type": "Transitive",
        "resolved": "10.4.0",
        "contentHash": "RWa7QPHW+X81Hic0DOhMVvHg/HCsfPvbBvUpRuEN+Ow9lG0KiMBSlHSBDw5z0cBiYh6eLxZeH3VK5kfaK0itzw=="
      },
      "Sitecore.Data.ResourceItems.ProtobufNet": {
        "type": "Transitive",
        "resolved": "10.4.0",
        "contentHash": "ULUmUkB4FQdiAvRE+9Ph8eF5jqnLEOSj3Ag0RWIdAm1CWKJ0kmHaVQFUB/bovZ/tdM6w5SDWZ72pML980MRY7A==",
        "dependencies": {
          "Sitecore.Data.ResourceItems.Abstractions": "10.4.0",
          "protobuf-net": "2.4.6"
        }
      },
      "Sitecore.Framework.Conditions": {
        "type": "Transitive",
        "resolved": "6.0.0",
        "contentHash": "0zWjuvPgIlJJS+4X6nAOmxMM6SfKkuq5I0gGetYPDYVTB0MEcbXEEAYEv934oTX3V8TWlxVFt3hj5fpdasSHEw=="
      },
      "Sitecore.Framework.Data.Blobs": {
        "type": "Transitive",
        "resolved": "3.0.1",
        "contentHash": "nqgqzU6TQDzEBgRY2Ne040Mk1kqb2jdtOsWi1f0GTYjAZr3GswFhzB2nUicA7ryCXnTq+DmPVktEJE9RO/swdQ==",
        "dependencies": {
          "Sitecore.Framework.Conditions": "6.0.0",
          "Sitecore.Framework.Data.Blobs.Abstractions": "3.0.1"
        }
      },
      "Sitecore.Framework.Data.Blobs.Abstractions": {
        "type": "Transitive",
        "resolved": "3.0.1",
        "contentHash": "Ui6S/Bu/ivbFVaKaXubg/XToeH4gP6L5vgR+LwAX+0efyw33/mQK8DGMeZs0jDrmFYG6oaNgEsUpx+UHKR+gog==",
        "dependencies": {
          "Sitecore.Framework.Conditions": "6.0.0"
        }
      },
      "Sitecore.Kernel.Portable": {
        "type": "Transitive",
        "resolved": "10.4.0",
        "contentHash": "1liGAQ3cbJK80ctftbj3IBi/mCrv02qkJi2g64IkxatD+KcS904URXda56FzxokJUuoBGO5XS1Am90liBGcYRA=="
      },
      "Sitecore.Logging": {
        "type": "Transitive",
        "resolved": "10.4.0",
        "contentHash": "VF3C1lg9Yp3B9dWIOCd9CSzKenFjyTy1Z2xVxzKMVJNFNSFpgthPjftuxxzEJUaeHUBJfPFGwxAHHyTd4jBcRA=="
      },
      "Sitecore.Logging.Client": {
        "type": "Transitive",
        "resolved": "10.4.0",
        "contentHash": "nlt6iABWcmyAUYdrJyHydvDCYCZktRddhLGlwUAZf1zGXSGJ977yrfwiZWxjo1bGUOhZ8p5nOFsqZsOKPNXP3A==",
        "dependencies": {
          "Sitecore.Logging": "10.4.0"
        }
      },
      "Sitecore.Nexus.Consumption": {
        "type": "Transitive",
        "resolved": "1.6.0",
        "contentHash": "WACrTQG+E+f2yK1JU8iyI9R46ttBi+QFWewEBC5VFPxxmhg59MQWP43CoiXDIWABLEYOfuaftZyaZ4i9tPYgWA==",
        "dependencies": {
          "Sitecore.Nexus.Licensing": "2.0.6"
        }
      },
      "Sitecore.Nexus.Licensing": {
        "type": "Transitive",
        "resolved": "2.0.6",
        "contentHash": "ZMhHEaoSgoaBoYiC9YFoRV3qhXjuwyGSuYL9r6WE/1CPIvCfjbVDDEgbKAzwK39UF18mqr3qzL2v7PSs/SfnYg==",
        "dependencies": {
          "System.Security.Cryptography.Xml": "4.5.0"
        }
      },
      "Sitecore.Screenshots": {
        "type": "Transitive",
        "resolved": "10.4.0",
        "contentHash": "gTsSQqVIck9rvpnpPI+iaf7lHK0f+i77hc05AphpWR9BiQ8rcJIA2pbySzEWW90jdMxL3inXHLr2j+/HQoR3rQ=="
      },
      "System.Buffers": {
        "type": "Transitive",
        "resolved": "4.5.1",
        "contentHash": "Rw7ijyl1qqRS0YQD/WycNst8hUUMgrMH4FCn1nNm27M4VxchZ1js3fVjQaANHO5f3sN4isvP4a+Met9Y4YomAg=="
      },
      "System.Formats.Asn1": {
        "type": "Transitive",
        "resolved": "9.0.0",
        "contentHash": "VRDjgfqV0hCma5HBQa46nZTRuqfYMWZClwxUtvLJVTCeDp9Esdvr91AfEWP98IMO8ooSv1yXb6/oCc6jApoXvQ==",
        "dependencies": {
          "System.Buffers": "4.5.1",
          "System.Memory": "4.5.5",
          "System.ValueTuple": "4.5.0"
        }
      },
      "System.Memory": {
        "type": "Transitive",
        "resolved": "4.5.5",
        "contentHash": "XIWiDvKPXaTveaB7HVganDlOCRoj03l+jrwNvcge/t8vhGYKvqV+dMv6G4SAX2NoNmN0wZfVPTAlFwZcZvVOUw==",
        "dependencies": {
          "System.Buffers": "4.5.1",
          "System.Numerics.Vectors": "4.5.0",
          "System.Runtime.CompilerServices.Unsafe": "4.5.3"
        }
      },
      "System.Numerics.Vectors": {
        "type": "Transitive",
        "resolved": "4.5.0",
        "contentHash": "QQTlPTl06J/iiDbJCiepZ4H//BVraReU4O4EoRw1U02H5TLUIT7xn3GnDp9AXPSlJUDyFs4uWjWafNX6WrAojQ=="
      },
      "System.Runtime.CompilerServices.Unsafe": {
        "type": "Transitive",
        "resolved": "6.0.0",
        "contentHash": "/iUeP3tq1S0XdNNoMz5C9twLSrM/TH+qElHkXWaPvuNOt+99G75NrV0OS2EqHx5wMN7popYjpc8oTjC1y16DLg=="
      },
      "System.Runtime.InteropServices.RuntimeInformation": {
        "type": "Transitive",
        "resolved": "4.0.0",
        "contentHash": "hWPhJxc453RCa8Z29O91EmfGeZIHX1ZH2A8L6lYQVSaKzku2DfArSfMEb1/MYYzPQRJZeu0c9dmYeJKxW5Fgng=="
      },
      "System.Threading.Tasks.Extensions": {
        "type": "Transitive",
        "resolved": "4.5.4",
        "contentHash": "zteT+G8xuGu6mS+mzDzYXbzS7rd3K6Fjb9RiZlYlJPam2/hU7JCBZBVEcywNuR+oZ1ncTvc/cq0faRr3P01OVg==",
        "dependencies": {
          "System.Runtime.CompilerServices.Unsafe": "4.5.3"
        }
      },
      "System.ValueTuple": {
        "type": "Transitive",
        "resolved": "4.5.0",
        "contentHash": "okurQJO6NRE/apDIP23ajJ0hpiNmJ+f0BwOlB/cSqTLQlw5upkf+5+96+iG2Jw40G1fCVCyPz/FhIABUjMR+RQ=="
      },
      "sitecoremvcotel": {
        "type": "Project",
        "dependencies": {
          "Microsoft.Bcl.AsyncInterfaces": "[9.0.0, 9.0.0]",
          "Microsoft.Extensions.Configuration": "[9.0.0, 9.0.0]",
          "Microsoft.Extensions.Configuration.Abstractions": "[9.0.0, 9.0.0]",
          "Microsoft.Extensions.Configuration.Binder": "[9.0.0, 9.0.0]",
          "Microsoft.Extensions.DependencyInjection": "[9.0.0, 9.0.0]",
          "Microsoft.Extensions.DependencyInjection.Abstractions": "[9.0.0, 9.0.0]",
          "Microsoft.Extensions.Logging": "[9.0.0, 9.0.0]",
          "Microsoft.Extensions.Logging.Abstractions": "[9.0.0, 9.0.0]",
          "Microsoft.Extensions.Logging.Configuration": "[9.0.0, 9.0.0]",
          "Microsoft.Extensions.Options": "[9.0.0, 9.0.0]",
          "Microsoft.Extensions.Primitives": "[9.0.0, 9.0.0]",
          "OpenTelemetry.Exporter.OpenTelemetryProtocol": "[1.11.2, 1.11.2]",
          "OpenTelemetry.Instrumentation.AspNet": "[1.11.0-beta.2, 1.11.0-beta.2]",
          "OpenTelemetry.Instrumentation.Http": "[1.11.1, 1.11.1]",
          "OpenTelemetry.Instrumentation.Process": "[1.11.0-beta.2, 1.11.0-beta.2]",
          "OpenTelemetry.Instrumentation.SqlClient": "[1.11.0-beta.2, 1.11.0-beta.2]",
          "OpenTelemetry.Resources.ProcessRuntime": "[1.11.0-beta.2, 1.11.0-beta.2]",
          "Sitecore.Kernel": "[10.4.0, 10.4.0]",
          "System.Diagnostics.DiagnosticSource": "[9.0.0, 9.0.0]",
          "System.Security.Cryptography.Xml": "[9.0.0, 9.0.0]"
        }
      },
      "Microsoft.Bcl.AsyncInterfaces": {
        "type": "CentralTransitive",
        "requested": "[9.0.0, 9.0.0]",
        "resolved": "9.0.0",
        "contentHash": "owmu2Cr3IQ8yQiBleBHlGk8dSQ12oaF2e7TpzwJKEl4m84kkZJjEY1n33L67Y3zM5jPOjmmbdHjbfiL0RqcMRQ==",
        "dependencies": {
          "System.Threading.Tasks.Extensions": "4.5.4"
        }
      },
      "Microsoft.Extensions.Configuration": {
        "type": "CentralTransitive",
        "requested": "[9.0.0, 9.0.0]",
        "resolved": "9.0.0",
        "contentHash": "YIMO9T3JL8MeEXgVozKt2v79hquo/EFtnY0vgxmLnUvk1Rei/halI7kOWZL2RBeV9FMGzgM9LZA8CVaNwFMaNA==",
        "dependencies": {
          "Microsoft.Extensions.Configuration.Abstractions": "9.0.0",
          "Microsoft.Extensions.Primitives": "9.0.0"
        }
      },
      "Microsoft.Extensions.Configuration.Abstractions": {
        "type": "CentralTransitive",
        "requested": "[9.0.0, 9.0.0]",
        "resolved": "9.0.0",
        "contentHash": "lqvd7W3FGKUO1+ZoUEMaZ5XDJeWvjpy2/M/ptCGz3tXLD4HWVaSzjufsAsjemasBEg+2SxXVtYVvGt5r2nKDlg==",
        "dependencies": {
          "Microsoft.Extensions.Primitives": "9.0.0",
          "System.ValueTuple": "4.5.0"
        }
      },
      "Microsoft.Extensions.Configuration.Binder": {
        "type": "CentralTransitive",
        "requested": "[9.0.0, 9.0.0]",
        "resolved": "9.0.0",
        "contentHash": "RiScL99DcyngY9zJA2ROrri7Br8tn5N4hP4YNvGdTN/bvg1A3dwvDOxHnNZ3Im7x2SJ5i4LkX1uPiR/MfSFBLQ==",
        "dependencies": {
          "Microsoft.Extensions.Configuration.Abstractions": "9.0.0"
        }
      },
      "Microsoft.Extensions.DependencyInjection": {
        "type": "CentralTransitive",
        "requested": "[9.0.0, 9.0.0]",
        "resolved": "9.0.0",
        "contentHash": "MCPrg7v3QgNMr0vX4vzRXvkNGgLg8vKWX0nKCWUxu2uPyMsaRgiRc1tHBnbTcfJMhMKj2slE/j2M9oGkd25DNw==",
        "dependencies": {
          "Microsoft.Bcl.AsyncInterfaces": "9.0.0",
          "Microsoft.Extensions.DependencyInjection.Abstractions": "9.0.0",
          "System.Threading.Tasks.Extensions": "4.5.4"
        }
      },
      "Microsoft.Extensions.DependencyInjection.Abstractions": {
        "type": "CentralTransitive",
        "requested": "[9.0.0, 9.0.0]",
        "resolved": "9.0.0",
        "contentHash": "+6f2qv2a3dLwd5w6JanPIPs47CxRbnk+ZocMJUhv9NxP88VlOcJYZs9jY+MYSjxvady08bUZn6qgiNh7DadGgg==",
        "dependencies": {
          "Microsoft.Bcl.AsyncInterfaces": "9.0.0",
          "System.Threading.Tasks.Extensions": "4.5.4"
        }
      },
      "Microsoft.Extensions.Logging": {
        "type": "CentralTransitive",
        "requested": "[9.0.0, 9.0.0]",
        "resolved": "9.0.0",
        "contentHash": "crjWyORoug0kK7RSNJBTeSE6VX8IQgLf3nUpTB9m62bPXp/tzbnOsnbe8TXEG0AASNaKZddnpHKw7fET8E++Pg==",
        "dependencies": {
          "Microsoft.Bcl.AsyncInterfaces": "9.0.0",
          "Microsoft.Extensions.DependencyInjection": "9.0.0",
          "Microsoft.Extensions.Logging.Abstractions": "9.0.0",
          "Microsoft.Extensions.Options": "9.0.0",
          "System.Diagnostics.DiagnosticSource": "9.0.0",
          "System.ValueTuple": "4.5.0"
        }
      },
      "Microsoft.Extensions.Logging.Abstractions": {
        "type": "CentralTransitive",
        "requested": "[9.0.0, 9.0.0]",
        "resolved": "9.0.0",
        "contentHash": "g0UfujELzlLbHoVG8kPKVBaW470Ewi+jnptGS9KUi6jcb+k2StujtK3m26DFSGGwQ/+bVgZfsWqNzlP6YOejvw==",
        "dependencies": {
          "Microsoft.Extensions.DependencyInjection.Abstractions": "9.0.0",
          "System.Buffers": "4.5.1",
          "System.Diagnostics.DiagnosticSource": "9.0.0",
          "System.Memory": "4.5.5"
        }
      },
      "Microsoft.Extensions.Logging.Configuration": {
        "type": "CentralTransitive",
        "requested": "[9.0.0, 9.0.0]",
        "resolved": "9.0.0",
        "contentHash": "H05HiqaNmg6GjH34ocYE9Wm1twm3Oz2aXZko8GTwGBzM7op2brpAA8pJ5yyD1OpS1mXUtModBYOlcZ/wXeWsSg==",
        "dependencies": {
          "Microsoft.Extensions.Configuration": "9.0.0",
          "Microsoft.Extensions.Configuration.Abstractions": "9.0.0",
          "Microsoft.Extensions.Configuration.Binder": "9.0.0",
          "Microsoft.Extensions.DependencyInjection.Abstractions": "9.0.0",
          "Microsoft.Extensions.Logging": "9.0.0",
          "Microsoft.Extensions.Logging.Abstractions": "9.0.0",
          "Microsoft.Extensions.Options": "9.0.0",
          "Microsoft.Extensions.Options.ConfigurationExtensions": "9.0.0"
        }
      },
      "Microsoft.Extensions.Options": {
        "type": "CentralTransitive",
        "requested": "[9.0.0, 9.0.0]",
        "resolved": "9.0.0",
        "contentHash": "y2146b3jrPI3Q0lokKXdKLpmXqakYbDIPDV6r3M8SqvSf45WwOTzkyfDpxnZXJsJQEpAsAqjUq5Pu8RCJMjubg==",
        "dependencies": {
          "Microsoft.Extensions.DependencyInjection.Abstractions": "9.0.0",
          "Microsoft.Extensions.Primitives": "9.0.0",
          "System.ValueTuple": "4.5.0"
        }
      },
      "Microsoft.Extensions.Primitives": {
        "type": "CentralTransitive",
        "requested": "[9.0.0, 9.0.0]",
        "resolved": "9.0.0",
        "contentHash": "N3qEBzmLMYiASUlKxxFIISP4AiwuPTHF5uCh+2CWSwwzAJiIYx0kBJsS30cp1nvhSySFAVi30jecD307jV+8Kg==",
        "dependencies": {
          "System.Memory": "4.5.5",
          "System.Runtime.CompilerServices.Unsafe": "6.0.0"
        }
      },
      "OpenTelemetry.Exporter.OpenTelemetryProtocol": {
        "type": "CentralTransitive",
        "requested": "[1.11.2, 1.11.2]",
        "resolved": "1.11.2",
        "contentHash": "37dQ85HHU+szAJY9ePSSXl5TNQp7iZm4Q+Dr9gQ8kOyJiHk7xsQUSjZrFA0Mzu74Jmi2WWPZ4p13BCcHXzFolg==",
        "dependencies": {
          "Grpc.Core": "[2.44.0, 3.0.0)",
          "OpenTelemetry": "1.11.2"
        }
      },
      "OpenTelemetry.Instrumentation.AspNet": {
        "type": "CentralTransitive",
        "requested": "[1.11.0-beta.2, 1.11.0-beta.2]",
        "resolved": "1.11.0-beta.2",
        "contentHash": "2HSPtsdtZdX8tqh0w2GYFyc1ZJrvsFPwxR/quR/7uwG3lgJUQWBEKTNWzOVnbdT9Qc89VYjJUB4qyioZs090xw==",
        "dependencies": {
          "Microsoft.Extensions.Configuration": "9.0.0",
          "Microsoft.Extensions.Options": "9.0.0",
          "OpenTelemetry.Api.ProviderBuilderExtensions": "[1.11.2, 2.0.0)",
          "OpenTelemetry.Instrumentation.AspNet.TelemetryHttpModule": "1.11.0-beta.2"
        }
      },
      "OpenTelemetry.Instrumentation.Http": {
        "type": "CentralTransitive",
        "requested": "[1.11.1, 1.11.1]",
        "resolved": "1.11.1",
        "contentHash": "hyZ3H8HxtQPvipBPdkN6tJWSCvY06XVyLbKlHuJlPrlV/lQJ/QuEBKYTXqcSa21LE/Th4HV+Choxi8eTu74xyw==",
        "dependencies": {
          "Microsoft.Extensions.Configuration": "9.0.0",
          "Microsoft.Extensions.Options": "9.0.0",
          "OpenTelemetry.Api.ProviderBuilderExtensions": "[1.11.2, 2.0.0)"
        }
      },
      "OpenTelemetry.Instrumentation.Process": {
        "type": "CentralTransitive",
        "requested": "[1.11.0-beta.2, 1.11.0-beta.2]",
        "resolved": "1.11.0-beta.2",
        "contentHash": "XLLKYK9zRS3iT/GhkXRPKJUWzBxdqYEQ8zFyNxbnz3d5I8Wky/hqyIbWta9h6GmyXvqnJ2XT+pUYUf8gRukUwA==",
        "dependencies": {
          "OpenTelemetry.Api": "[1.11.2, 2.0.0)"
        }
      },
      "OpenTelemetry.Instrumentation.SqlClient": {
        "type": "CentralTransitive",
        "requested": "[1.11.0-beta.2, 1.11.0-beta.2]",
        "resolved": "1.11.0-beta.2",
        "contentHash": "IYYhQt5AhZm9z5w+G5mYK0dxYHtzuoA0yF04JrngTQ9vf79iEj7lWSePzm6iL62GQpv1UIKyfJdn7GN9PXeEjw==",
        "dependencies": {
          "Microsoft.Extensions.Configuration": "9.0.0",
          "Microsoft.Extensions.Options": "9.0.0",
          "OpenTelemetry.Api.ProviderBuilderExtensions": "[1.11.2, 2.0.0)"
        }
      },
      "OpenTelemetry.Resources.ProcessRuntime": {
        "type": "CentralTransitive",
        "requested": "[1.11.0-beta.2, 1.11.0-beta.2]",
        "resolved": "1.11.0-beta.2",
        "contentHash": "KkeDvpoZmpti/Hm2g5nOcw1OWLnEdy5iD+1rjZY9FbnsyzM83fsXdAVCynTlBNt9vFVmP5EehvR4swIWpf4C8g==",
        "dependencies": {
          "OpenTelemetry": "[1.11.2, 2.0.0)",
          "System.Runtime.InteropServices.RuntimeInformation": "4.0.0"
        }
      },
      "System.Diagnostics.DiagnosticSource": {
        "type": "CentralTransitive",
        "requested": "[9.0.0, 9.0.0]",
        "resolved": "9.0.0",
        "contentHash": "ddppcFpnbohLWdYKr/ZeLZHmmI+DXFgZ3Snq+/E7SwcdW4UnvxmaugkwGywvGVWkHPGCSZjCP+MLzu23AL5SDw==",
        "dependencies": {
          "System.Memory": "4.5.5",
          "System.Runtime.CompilerServices.Unsafe": "6.0.0"
        }
      }
    },
    ".NETFramework,Version=v4.8/win": {
      "Grpc.Core": {
        "type": "Transitive",
        "resolved": "2.44.0",
        "contentHash": "H2rTNePSYeEqUgBBqiE5KZ/yOX7jEtETjWjv4gGtnYxrlpZ79VAHe+4KtZAnt2KJMiGvqTm7eo1SPk+QpiPfaw==",
        "dependencies": {
          "Grpc.Core.Api": "2.44.0",
          "System.Memory": "4.5.3"
        }
      },
      "System.Runtime.InteropServices.RuntimeInformation": {
        "type": "Transitive",
        "resolved": "4.0.0",
        "contentHash": "hWPhJxc453RCa8Z29O91EmfGeZIHX1ZH2A8L6lYQVSaKzku2DfArSfMEb1/MYYzPQRJZeu0c9dmYeJKxW5Fgng=="
      }
    },
    ".NETFramework,Version=v4.8/win-arm64": {
      "Grpc.Core": {
        "type": "Transitive",
        "resolved": "2.44.0",
        "contentHash": "H2rTNePSYeEqUgBBqiE5KZ/yOX7jEtETjWjv4gGtnYxrlpZ79VAHe+4KtZAnt2KJMiGvqTm7eo1SPk+QpiPfaw==",
        "dependencies": {
          "Grpc.Core.Api": "2.44.0",
          "System.Memory": "4.5.3"
        }
      },
      "System.Runtime.InteropServices.RuntimeInformation": {
        "type": "Transitive",
        "resolved": "4.0.0",
        "contentHash": "hWPhJxc453RCa8Z29O91EmfGeZIHX1ZH2A8L6lYQVSaKzku2DfArSfMEb1/MYYzPQRJZeu0c9dmYeJKxW5Fgng=="
      }
    },
    ".NETFramework,Version=v4.8/win-x64": {
      "Grpc.Core": {
        "type": "Transitive",
        "resolved": "2.44.0",
        "contentHash": "H2rTNePSYeEqUgBBqiE5KZ/yOX7jEtETjWjv4gGtnYxrlpZ79VAHe+4KtZAnt2KJMiGvqTm7eo1SPk+QpiPfaw==",
        "dependencies": {
          "Grpc.Core.Api": "2.44.0",
          "System.Memory": "4.5.3"
        }
      },
      "System.Runtime.InteropServices.RuntimeInformation": {
        "type": "Transitive",
        "resolved": "4.0.0",
        "contentHash": "hWPhJxc453RCa8Z29O91EmfGeZIHX1ZH2A8L6lYQVSaKzku2DfArSfMEb1/MYYzPQRJZeu0c9dmYeJKxW5Fgng=="
      }
    },
    ".NETFramework,Version=v4.8/win-x86": {
      "Grpc.Core": {
        "type": "Transitive",
        "resolved": "2.44.0",
        "contentHash": "H2rTNePSYeEqUgBBqiE5KZ/yOX7jEtETjWjv4gGtnYxrlpZ79VAHe+4KtZAnt2KJMiGvqTm7eo1SPk+QpiPfaw==",
        "dependencies": {
          "Grpc.Core.Api": "2.44.0",
          "System.Memory": "4.5.3"
        }
      },
      "System.Runtime.InteropServices.RuntimeInformation": {
        "type": "Transitive",
        "resolved": "4.0.0",
        "contentHash": "hWPhJxc453RCa8Z29O91EmfGeZIHX1ZH2A8L6lYQVSaKzku2DfArSfMEb1/MYYzPQRJZeu0c9dmYeJKxW5Fgng=="
      }
    }
  }
}